
Microsoft Visual Studio Solution File, Format Version 11.00
# Visual Studio 2010
Project("{FAE04EC0-301F-11D3-BF4B-00C04F79EFBC}") = "UseStream", "UseStream\UseStream.csproj", "{84EE754A-3E87-4D8C-A7D7-42DCC5C1613D}"
EndProject
Global
	GlobalSection(SolutionConfigurationPlatforms) = preSolution
		Debug|Any CPU = Debug|Any CPU
		Release|Any CPU = Release|Any CPU
	EndGlobalSection
	GlobalSection(ProjectConfigurationPlatforms) = postSolution
		{84EE754A-3E87-4D8C-A7D7-42DCC5C1613D}.Debug|Any CPU.ActiveCfg = Debug|Any CPU
		{84EE754A-3E87-4D8C-A7D7-42DCC5C1613D}.Debug|Any CPU.Build.0 = Debug|Any CPU
		{84EE754A-3E87-4D8C-A7D7-42DCC5C1613D}.Release|Any CPU.ActiveCfg = Release|Any CPU
		{84EE754A-3E87-4D8C-A7D7-42DCC5C1613D}.Release|Any CPU.Build.0 = Release|Any CPU
	EndGlobalSection
	GlobalSection(SolutionProperties) = preSolution
		HideSolutionNode = FALSE
	EndGlobalSection
EndGlobal
