
Microsoft Visual Studio Solution File, Format Version 11.00
# Visual Studio 2010
Project("{FAE04EC0-301F-11D3-BF4B-00C04F79EFBC}") = "EmitAssembly", "EmitAssembly\EmitAssembly.csproj", "{EF7DF282-6D21-4EEF-A2FD-514BE53CADBD}"
EndProject
Global
	GlobalSection(SolutionConfigurationPlatforms) = preSolution
		Debug|Any CPU = Debug|Any CPU
		Release|Any CPU = Release|Any CPU
	EndGlobalSection
	GlobalSection(ProjectConfigurationPlatforms) = postSolution
		{EF7DF282-6D21-4EEF-A2FD-514BE53CADBD}.Debug|Any CPU.ActiveCfg = Debug|Any CPU
		{EF7DF282-6D21-4EEF-A2FD-514BE53CADBD}.Debug|Any CPU.Build.0 = Debug|Any CPU
		{EF7DF282-6D21-4EEF-A2FD-514BE53CADBD}.Release|Any CPU.ActiveCfg = Release|Any CPU
		{EF7DF282-6D21-4EEF-A2FD-514BE53CADBD}.Release|Any CPU.Build.0 = Release|Any CPU
	EndGlobalSection
	GlobalSection(SolutionProperties) = preSolution
		HideSolutionNode = FALSE
	EndGlobalSection
EndGlobal
