
Microsoft Visual Studio Solution File, Format Version 11.00
# Visual Studio 2010
Project("{FAE04EC0-301F-11D3-BF4B-00C04F79EFBC}") = "RootRef", "RootRef\RootRef.csproj", "{635C4756-5473-444A-A902-50A773A8022F}"
EndProject
Global
	GlobalSection(SolutionConfigurationPlatforms) = preSolution
		Debug|Any CPU = Debug|Any CPU
		Release|Any CPU = Release|Any CPU
	EndGlobalSection
	GlobalSection(ProjectConfigurationPlatforms) = postSolution
		{635C4756-5473-444A-A902-50A773A8022F}.Debug|Any CPU.ActiveCfg = Debug|Any CPU
		{635C4756-5473-444A-A902-50A773A8022F}.Debug|Any CPU.Build.0 = Debug|Any CPU
		{635C4756-5473-444A-A902-50A773A8022F}.Release|Any CPU.ActiveCfg = Release|Any CPU
		{635C4756-5473-444A-A902-50A773A8022F}.Release|Any CPU.Build.0 = Release|Any CPU
	EndGlobalSection
	GlobalSection(SolutionProperties) = preSolution
		HideSolutionNode = FALSE
	EndGlobalSection
EndGlobal
