
Microsoft Visual Studio Solution File, Format Version 11.00
# Visual Studio 2010
Project("{FAE04EC0-301F-11D3-BF4B-00C04F79EFBC}") = "Overload", "Overload\Overload.csproj", "{991A6AA3-EB1C-4C1F-B410-7E95D4E3F63A}"
EndProject
Global
	GlobalSection(SolutionConfigurationPlatforms) = preSolution
		Debug|Any CPU = Debug|Any CPU
		Release|Any CPU = Release|Any CPU
	EndGlobalSection
	GlobalSection(ProjectConfigurationPlatforms) = postSolution
		{991A6AA3-EB1C-4C1F-B410-7E95D4E3F63A}.Debug|Any CPU.ActiveCfg = Debug|Any CPU
		{991A6AA3-EB1C-4C1F-B410-7E95D4E3F63A}.Debug|Any CPU.Build.0 = Debug|Any CPU
		{991A6AA3-EB1C-4C1F-B410-7E95D4E3F63A}.Release|Any CPU.ActiveCfg = Release|Any CPU
		{991A6AA3-EB1C-4C1F-B410-7E95D4E3F63A}.Release|Any CPU.Build.0 = Release|Any CPU
	EndGlobalSection
	GlobalSection(SolutionProperties) = preSolution
		HideSolutionNode = FALSE
	EndGlobalSection
EndGlobal
