
Microsoft Visual Studio Solution File, Format Version 11.00
# Visual Studio 2010
Project("{FAE04EC0-301F-11D3-BF4B-00C04F79EFBC}") = "NotObject", "NotObject\NotObject.csproj", "{51AC58D7-7562-4E0B-A8B0-4AF012F5E45F}"
EndProject
Project("{FAE04EC0-301F-11D3-BF4B-00C04F79EFBC}") = "UseNotObject", "UseNotObject\UseNotObject.csproj", "{AED39C5C-D959-41FE-8596-AE15AF8682B9}"
EndProject
Global
	GlobalSection(SolutionConfigurationPlatforms) = preSolution
		Debug|Any CPU = Debug|Any CPU
		Release|Any CPU = Release|Any CPU
	EndGlobalSection
	GlobalSection(ProjectConfigurationPlatforms) = postSolution
		{51AC58D7-7562-4E0B-A8B0-4AF012F5E45F}.Debug|Any CPU.ActiveCfg = Debug|Any CPU
		{51AC58D7-7562-4E0B-A8B0-4AF012F5E45F}.Debug|Any CPU.Build.0 = Debug|Any CPU
		{51AC58D7-7562-4E0B-A8B0-4AF012F5E45F}.Release|Any CPU.ActiveCfg = Release|Any CPU
		{51AC58D7-7562-4E0B-A8B0-4AF012F5E45F}.Release|Any CPU.Build.0 = Release|Any CPU
		{AED39C5C-D959-41FE-8596-AE15AF8682B9}.Debug|Any CPU.ActiveCfg = Debug|Any CPU
		{AED39C5C-D959-41FE-8596-AE15AF8682B9}.Debug|Any CPU.Build.0 = Debug|Any CPU
		{AED39C5C-D959-41FE-8596-AE15AF8682B9}.Release|Any CPU.ActiveCfg = Release|Any CPU
		{AED39C5C-D959-41FE-8596-AE15AF8682B9}.Release|Any CPU.Build.0 = Release|Any CPU
	EndGlobalSection
	GlobalSection(SolutionProperties) = preSolution
		HideSolutionNode = FALSE
	EndGlobalSection
EndGlobal
