
Microsoft Visual Studio Solution File, Format Version 11.00
# Visual Studio 2010
Project("{FAE04EC0-301F-11D3-BF4B-00C04F79EFBC}") = "ObjectContainer", "ObjectContainer\ObjectContainer.csproj", "{A2101382-60E6-4E8F-B84A-E1916B82E3C0}"
EndProject
Global
	GlobalSection(SolutionConfigurationPlatforms) = preSolution
		Debug|Any CPU = Debug|Any CPU
		Release|Any CPU = Release|Any CPU
	EndGlobalSection
	GlobalSection(ProjectConfigurationPlatforms) = postSolution
		{A2101382-60E6-4E8F-B84A-E1916B82E3C0}.Debug|Any CPU.ActiveCfg = Debug|Any CPU
		{A2101382-60E6-4E8F-B84A-E1916B82E3C0}.Debug|Any CPU.Build.0 = Debug|Any CPU
		{A2101382-60E6-4E8F-B84A-E1916B82E3C0}.Release|Any CPU.ActiveCfg = Release|Any CPU
		{A2101382-60E6-4E8F-B84A-E1916B82E3C0}.Release|Any CPU.Build.0 = Release|Any CPU
	EndGlobalSection
	GlobalSection(SolutionProperties) = preSolution
		HideSolutionNode = FALSE
	EndGlobalSection
EndGlobal
