
Microsoft Visual Studio Solution File, Format Version 11.00
# Visual Studio 2010
Project("{FAE04EC0-301F-11D3-BF4B-00C04F79EFBC}") = "ThreadDataSlot", "ThreadDataSlot\ThreadDataSlot.csproj", "{B18B06DE-3839-436E-84DD-4D20CDBFB807}"
EndProject
Global
	GlobalSection(SolutionConfigurationPlatforms) = preSolution
		Debug|Any CPU = Debug|Any CPU
		Release|Any CPU = Release|Any CPU
	EndGlobalSection
	GlobalSection(ProjectConfigurationPlatforms) = postSolution
		{B18B06DE-3839-436E-84DD-4D20CDBFB807}.Debug|Any CPU.ActiveCfg = Debug|Any CPU
		{B18B06DE-3839-436E-84DD-4D20CDBFB807}.Debug|Any CPU.Build.0 = Debug|Any CPU
		{B18B06DE-3839-436E-84DD-4D20CDBFB807}.Release|Any CPU.ActiveCfg = Release|Any CPU
		{B18B06DE-3839-436E-84DD-4D20CDBFB807}.Release|Any CPU.Build.0 = Release|Any CPU
	EndGlobalSection
	GlobalSection(SolutionProperties) = preSolution
		HideSolutionNode = FALSE
	EndGlobalSection
EndGlobal
